// !$*UTF8*$!
{
	archiveVersion = 1;
	classes = {
	};
	objectVersion = 56;
	objects = {

/* Begin PBXBuildFile section */
		288FA902887B36F13A07E772 /* awsconfiguration.json in Resources */ = {isa = PBXBuildFile; fileRef = DAE3209DD74DA441FDB9B977 /* awsconfiguration.json */; };
		52217B0F302973E437BEB248 /* Priority.swift in Sources */ = {isa = PBXBuildFile; fileRef = 95959B6F4BF9D98D88DCE95F /* Priority.swift */; };
		6FB6D44E9D929E0B82A6E822 /* Todo.swift in Sources */ = {isa = PBXBuildFile; fileRef = 2E33992432CC3733E9E0D47B /* Todo.swift */; };
		81E0C72788216DD7B1E17399 /* AmplifyModels.swift in Sources */ = {isa = PBXBuildFile; fileRef = 5740C83898D1D1B47EF19DED /* AmplifyModels.swift */; };
		8F84F5DBF5A3FCF0E8E3B634 /* amplifyconfiguration.json in Resources */ = {isa = PBXBuildFile; fileRef = 9E19AEC996CB47B7651EAD98 /* amplifyconfiguration.json */; };
		9EF24BB0726B61B783A99BFA /* Todo+Schema.swift in Sources */ = {isa = PBXBuildFile; fileRef = 8FD1BD99FADEA041F6874826 /* Todo+Schema.swift */; };
		B4238DC12A0C21C400BB7BD8 /* AWSDataStorePlugin in Frameworks */ = {isa = PBXBuildFile; productRef = B4238DC02A0C21C400BB7BD8 /* AWSDataStorePlugin */; };
		B4238DC32A0C28A200BB7BD8 /* AWSAPIPlugin in Frameworks */ = {isa = PBXBuildFile; productRef = B4238DC22A0C28A200BB7BD8 /* AWSAPIPlugin */; };
		B4238DC72A0C2F2800BB7BD8 /* Authenticator in Frameworks */ = {isa = PBXBuildFile; productRef = B4238DC62A0C2F2800BB7BD8 /* Authenticator */; };
		B42A4EDA2A0402CB0066D5D2 /* ToggleButton.swift in Sources */ = {isa = PBXBuildFile; fileRef = B42A4ED52A0402CB0066D5D2 /* ToggleButton.swift */; };
		B42A4EDB2A0402CB0066D5D2 /* ControlView.swift in Sources */ = {isa = PBXBuildFile; fileRef = B42A4ED62A0402CB0066D5D2 /* ControlView.swift */; };
		B42A4EDD2A0402CB0066D5D2 /* ErrorView.swift in Sources */ = {isa = PBXBuildFile; fileRef = B42A4ED82A0402CB0066D5D2 /* ErrorView.swift */; };
		B42A4EDE2A0402CB0066D5D2 /* FrameView.swift in Sources */ = {isa = PBXBuildFile; fileRef = B42A4ED92A0402CB0066D5D2 /* FrameView.swift */; };
		B42A4EE22A0403770066D5D2 /* ContentViewModel.swift in Sources */ = {isa = PBXBuildFile; fileRef = B42A4EE12A0403770066D5D2 /* ContentViewModel.swift */; };
		B42A4EEE2A0408780066D5D2 /* FrameManager.swift in Sources */ = {isa = PBXBuildFile; fileRef = B42A4EEB2A0408770066D5D2 /* FrameManager.swift */; };
		B42A4EEF2A0408780066D5D2 /* CameraError.swift in Sources */ = {isa = PBXBuildFile; fileRef = B42A4EEC2A0408770066D5D2 /* CameraError.swift */; };
		B42A4EF02A0408780066D5D2 /* CameraManager.swift in Sources */ = {isa = PBXBuildFile; fileRef = B42A4EED2A0408780066D5D2 /* CameraManager.swift */; };
		B42A4EF22A04087D0066D5D2 /* CGImageExtension.swift in Sources */ = {isa = PBXBuildFile; fileRef = B42A4EF12A04087D0066D5D2 /* CGImageExtension.swift */; };
		B42A4EF52A0C12BA0066D5D2 /* AWSCognitoAuthPlugin in Frameworks */ = {isa = PBXBuildFile; productRef = B42A4EF42A0C12BA0066D5D2 /* AWSCognitoAuthPlugin */; };
		B42A4EF72A0C12BA0066D5D2 /* Amplify in Frameworks */ = {isa = PBXBuildFile; productRef = B42A4EF62A0C12BA0066D5D2 /* Amplify */; };
		B42A4EFD2A0C17550066D5D2 /* ContentView.swift in Sources */ = {isa = PBXBuildFile; fileRef = B42A4EFC2A0C17550066D5D2 /* ContentView.swift */; };
		B446E21C29FB285C00E41C83 /* AppMain.swift in Sources */ = {isa = PBXBuildFile; fileRef = B446E21B29FB285C00E41C83 /* AppMain.swift */; };
		B446E21E29FB285C00E41C83 /* LoginView.swift in Sources */ = {isa = PBXBuildFile; fileRef = B446E21D29FB285C00E41C83 /* LoginView.swift */; };
		B446E22029FB285F00E41C83 /* Assets.xcassets in Resources */ = {isa = PBXBuildFile; fileRef = B446E21F29FB285F00E41C83 /* Assets.xcassets */; };
		B446E22329FB285F00E41C83 /* Preview Assets.xcassets in Resources */ = {isa = PBXBuildFile; fileRef = B446E22229FB285F00E41C83 /* Preview Assets.xcassets */; };
		B446E22A2A003A1B00E41C83 /* WelcomeView.swift in Sources */ = {isa = PBXBuildFile; fileRef = B446E2292A003A1B00E41C83 /* WelcomeView.swift */; };
		B446E22E2A00548D00E41C83 /* LoginView-ViewModel.swift in Sources */ = {isa = PBXBuildFile; fileRef = B446E22D2A00548D00E41C83 /* LoginView-ViewModel.swift */; };
		B446E2302A005BC600E41C83 /* LivlinessView.swift in Sources */ = {isa = PBXBuildFile; fileRef = B446E22F2A005BC600E41C83 /* LivlinessView.swift */; };
/* End PBXBuildFile section */

/* Begin PBXFileReference section */
		2E33992432CC3733E9E0D47B /* Todo.swift */ = {isa = PBXFileReference; explicitFileType = sourcecode.swift; name = Todo.swift; path = amplify/generated/models/Todo.swift; sourceTree = "<group>"; };
		5740C83898D1D1B47EF19DED /* AmplifyModels.swift */ = {isa = PBXFileReference; explicitFileType = sourcecode.swift; name = AmplifyModels.swift; path = amplify/generated/models/AmplifyModels.swift; sourceTree = "<group>"; };
		8FD1BD99FADEA041F6874826 /* Todo+Schema.swift */ = {isa = PBXFileReference; explicitFileType = sourcecode.swift; name = "Todo+Schema.swift"; path = "amplify/generated/models/Todo+Schema.swift"; sourceTree = "<group>"; };
		95959B6F4BF9D98D88DCE95F /* Priority.swift */ = {isa = PBXFileReference; explicitFileType = sourcecode.swift; name = Priority.swift; path = amplify/generated/models/Priority.swift; sourceTree = "<group>"; };
		9E19AEC996CB47B7651EAD98 /* amplifyconfiguration.json */ = {isa = PBXFileReference; explicitFileType = text.json; path = amplifyconfiguration.json; sourceTree = "<group>"; };
		B4238DC42A0C2AB100BB7BD8 /* Digital Wallet.entitlements */ = {isa = PBXFileReference; lastKnownFileType = text.plist.entitlements; path = "Digital Wallet.entitlements"; sourceTree = "<group>"; };
		B42A4ED52A0402CB0066D5D2 /* ToggleButton.swift */ = {isa = PBXFileReference; fileEncoding = 4; lastKnownFileType = sourcecode.swift; path = ToggleButton.swift; sourceTree = "<group>"; };
		B42A4ED62A0402CB0066D5D2 /* ControlView.swift */ = {isa = PBXFileReference; fileEncoding = 4; lastKnownFileType = sourcecode.swift; path = ControlView.swift; sourceTree = "<group>"; };
		B42A4ED82A0402CB0066D5D2 /* ErrorView.swift */ = {isa = PBXFileReference; fileEncoding = 4; lastKnownFileType = sourcecode.swift; path = ErrorView.swift; sourceTree = "<group>"; };
		B42A4ED92A0402CB0066D5D2 /* FrameView.swift */ = {isa = PBXFileReference; fileEncoding = 4; lastKnownFileType = sourcecode.swift; path = FrameView.swift; sourceTree = "<group>"; };
		B42A4EE12A0403770066D5D2 /* ContentViewModel.swift */ = {isa = PBXFileReference; fileEncoding = 4; lastKnownFileType = sourcecode.swift; path = ContentViewModel.swift; sourceTree = "<group>"; };
		B42A4EEB2A0408770066D5D2 /* FrameManager.swift */ = {isa = PBXFileReference; fileEncoding = 4; lastKnownFileType = sourcecode.swift; name = FrameManager.swift; path = Camera/FrameManager.swift; sourceTree = "<group>"; };
		B42A4EEC2A0408770066D5D2 /* CameraError.swift */ = {isa = PBXFileReference; fileEncoding = 4; lastKnownFileType = sourcecode.swift; name = CameraError.swift; path = Camera/CameraError.swift; sourceTree = "<group>"; };
		B42A4EED2A0408780066D5D2 /* CameraManager.swift */ = {isa = PBXFileReference; fileEncoding = 4; lastKnownFileType = sourcecode.swift; name = CameraManager.swift; path = Camera/CameraManager.swift; sourceTree = "<group>"; };
		B42A4EF12A04087D0066D5D2 /* CGImageExtension.swift */ = {isa = PBXFileReference; fileEncoding = 4; lastKnownFileType = sourcecode.swift; name = CGImageExtension.swift; path = Extension/CGImageExtension.swift; sourceTree = "<group>"; };
		B42A4EFC2A0C17550066D5D2 /* ContentView.swift */ = {isa = PBXFileReference; fileEncoding = 4; lastKnownFileType = sourcecode.swift; path = ContentView.swift; sourceTree = "<group>"; };
		B446E21829FB285C00E41C83 /* Digital Wallet.app */ = {isa = PBXFileReference; explicitFileType = wrapper.application; includeInIndex = 0; path = "Digital Wallet.app"; sourceTree = BUILT_PRODUCTS_DIR; };
		B446E21B29FB285C00E41C83 /* AppMain.swift */ = {isa = PBXFileReference; lastKnownFileType = sourcecode.swift; path = AppMain.swift; sourceTree = "<group>"; };
		B446E21D29FB285C00E41C83 /* LoginView.swift */ = {isa = PBXFileReference; lastKnownFileType = sourcecode.swift; path = LoginView.swift; sourceTree = "<group>"; };
		B446E21F29FB285F00E41C83 /* Assets.xcassets */ = {isa = PBXFileReference; lastKnownFileType = folder.assetcatalog; path = Assets.xcassets; sourceTree = "<group>"; };
		B446E22229FB285F00E41C83 /* Preview Assets.xcassets */ = {isa = PBXFileReference; lastKnownFileType = folder.assetcatalog; path = "Preview Assets.xcassets"; sourceTree = "<group>"; };
		B446E2292A003A1B00E41C83 /* WelcomeView.swift */ = {isa = PBXFileReference; lastKnownFileType = sourcecode.swift; path = WelcomeView.swift; sourceTree = "<group>"; };
		B446E22D2A00548D00E41C83 /* LoginView-ViewModel.swift */ = {isa = PBXFileReference; lastKnownFileType = sourcecode.swift; path = "LoginView-ViewModel.swift"; sourceTree = "<group>"; };
		B446E22F2A005BC600E41C83 /* LivlinessView.swift */ = {isa = PBXFileReference; lastKnownFileType = sourcecode.swift; path = LivlinessView.swift; sourceTree = "<group>"; };
		DAE3209DD74DA441FDB9B977 /* awsconfiguration.json */ = {isa = PBXFileReference; explicitFileType = text.json; path = awsconfiguration.json; sourceTree = "<group>"; };
/* End PBXFileReference section */

/* Begin PBXFrameworksBuildPhase section */
		B446E21529FB285C00E41C83 /* Frameworks */ = {
			isa = PBXFrameworksBuildPhase;
			buildActionMask = 2147483647;
			files = (
				B4238DC32A0C28A200BB7BD8 /* AWSAPIPlugin in Frameworks */,
				B4238DC72A0C2F2800BB7BD8 /* Authenticator in Frameworks */,
				B4238DC12A0C21C400BB7BD8 /* AWSDataStorePlugin in Frameworks */,
				B42A4EF52A0C12BA0066D5D2 /* AWSCognitoAuthPlugin in Frameworks */,
				B42A4EF72A0C12BA0066D5D2 /* Amplify in Frameworks */,
			);
			runOnlyForDeploymentPostprocessing = 0;
		};
/* End PBXFrameworksBuildPhase section */

/* Begin PBXGroup section */
		5A87251B3673571E01EC6B38 /* AmplifyModels */ = {
			isa = PBXGroup;
			children = (
				5740C83898D1D1B47EF19DED /* AmplifyModels.swift */,
				95959B6F4BF9D98D88DCE95F /* Priority.swift */,
				8FD1BD99FADEA041F6874826 /* Todo+Schema.swift */,
				2E33992432CC3733E9E0D47B /* Todo.swift */,
			);
			name = AmplifyModels;
			sourceTree = "<group>";
		};
		6697EB2CF80C07CDBE54F4D6 /* AmplifyConfig */ = {
			isa = PBXGroup;
			children = (
				DAE3209DD74DA441FDB9B977 /* awsconfiguration.json */,
				9E19AEC996CB47B7651EAD98 /* amplifyconfiguration.json */,
			);
			name = AmplifyConfig;
			sourceTree = "<group>";
		};
		B4238DBF2A0C21C400BB7BD8 /* Frameworks */ = {
			isa = PBXGroup;
			children = (
			);
			name = Frameworks;
			sourceTree = "<group>";
		};
		B42A4EE02A0403350066D5D2 /* ViewModels */ = {
			isa = PBXGroup;
			children = (
				B446E22D2A00548D00E41C83 /* LoginView-ViewModel.swift */,
				B42A4EE12A0403770066D5D2 /* ContentViewModel.swift */,
			);
			path = ViewModels;
			sourceTree = "<group>";
		};
		B42A4EE92A04083E0066D5D2 /* Extensions */ = {
			isa = PBXGroup;
			children = (
				B42A4EF12A04087D0066D5D2 /* CGImageExtension.swift */,
			);
			name = Extensions;
			sourceTree = "<group>";
		};
		B42A4EEA2A04086C0066D5D2 /* Camera */ = {
			isa = PBXGroup;
			children = (
				B42A4EEC2A0408770066D5D2 /* CameraError.swift */,
				B42A4EED2A0408780066D5D2 /* CameraManager.swift */,
				B42A4EEB2A0408770066D5D2 /* FrameManager.swift */,
			);
			name = Camera;
			sourceTree = "<group>";
		};
		B446E20F29FB285C00E41C83 = {
			isa = PBXGroup;
			children = (
				B446E21A29FB285C00E41C83 /* Digital Wallet */,
				B446E21929FB285C00E41C83 /* Products */,
				6697EB2CF80C07CDBE54F4D6 /* AmplifyConfig */,
				5A87251B3673571E01EC6B38 /* AmplifyModels */,
				B4238DBF2A0C21C400BB7BD8 /* Frameworks */,
			);
			sourceTree = "<group>";
		};
		B446E21929FB285C00E41C83 /* Products */ = {
			isa = PBXGroup;
			children = (
				B446E21829FB285C00E41C83 /* Digital Wallet.app */,
			);
			name = Products;
			sourceTree = "<group>";
		};
		B446E21A29FB285C00E41C83 /* Digital Wallet */ = {
			isa = PBXGroup;
			children = (
				B4238DC42A0C2AB100BB7BD8 /* Digital Wallet.entitlements */,
				B42A4EEA2A04086C0066D5D2 /* Camera */,
				B42A4EE92A04083E0066D5D2 /* Extensions */,
				B42A4EE02A0403350066D5D2 /* ViewModels */,
				B446E22B2A003ADE00E41C83 /* Views */,
				B446E21B29FB285C00E41C83 /* AppMain.swift */,
				B446E21F29FB285F00E41C83 /* Assets.xcassets */,
				B446E22129FB285F00E41C83 /* Preview Content */,
			);
			path = "Digital Wallet";
			sourceTree = "<group>";
		};
		B446E22129FB285F00E41C83 /* Preview Content */ = {
			isa = PBXGroup;
			children = (
				B446E22229FB285F00E41C83 /* Preview Assets.xcassets */,
			);
			path = "Preview Content";
			sourceTree = "<group>";
		};
		B446E22B2A003ADE00E41C83 /* Views */ = {
			isa = PBXGroup;
			children = (
				B42A4EFC2A0C17550066D5D2 /* ContentView.swift */,
				B446E21D29FB285C00E41C83 /* LoginView.swift */,
				B446E2292A003A1B00E41C83 /* WelcomeView.swift */,
				B446E22F2A005BC600E41C83 /* LivlinessView.swift */,
				B42A4ED62A0402CB0066D5D2 /* ControlView.swift */,
				B42A4ED82A0402CB0066D5D2 /* ErrorView.swift */,
				B42A4ED92A0402CB0066D5D2 /* FrameView.swift */,
				B42A4ED52A0402CB0066D5D2 /* ToggleButton.swift */,
			);
			path = Views;
			sourceTree = "<group>";
		};
/* End PBXGroup section */

/* Begin PBXNativeTarget section */
		B446E21729FB285C00E41C83 /* Digital Wallet */ = {
			isa = PBXNativeTarget;
			buildConfigurationList = B446E22629FB285F00E41C83 /* Build configuration list for PBXNativeTarget "Digital Wallet" */;
			buildPhases = (
				B446E21429FB285C00E41C83 /* Sources */,
				B446E21529FB285C00E41C83 /* Frameworks */,
				B446E21629FB285C00E41C83 /* Resources */,
			);
			buildRules = (
			);
			dependencies = (
			);
			name = "Digital Wallet";
			packageProductDependencies = (
				B42A4EF42A0C12BA0066D5D2 /* AWSCognitoAuthPlugin */,
				B42A4EF62A0C12BA0066D5D2 /* Amplify */,
				B4238DC02A0C21C400BB7BD8 /* AWSDataStorePlugin */,
				B4238DC22A0C28A200BB7BD8 /* AWSAPIPlugin */,
				B4238DC62A0C2F2800BB7BD8 /* Authenticator */,
			);
			productName = "Digital Wallet";
			productReference = B446E21829FB285C00E41C83 /* Digital Wallet.app */;
			productType = "com.apple.product-type.application";
		};
/* End PBXNativeTarget section */

/* Begin PBXProject section */
		B446E21029FB285C00E41C83 /* Project object */ = {
			isa = PBXProject;
			attributes = {
				BuildIndependentTargetsInParallel = 1;
				LastSwiftUpdateCheck = 1430;
				LastUpgradeCheck = 1430;
				TargetAttributes = {
					B446E21729FB285C00E41C83 = {
						CreatedOnToolsVersion = 14.3;
					};
				};
			};
			buildConfigurationList = B446E21329FB285C00E41C83 /* Build configuration list for PBXProject "Digital Wallet" */;
			compatibilityVersion = "Xcode 14.0";
			developmentRegion = en;
			hasScannedForEncodings = 0;
			knownRegions = (
				en,
				Base,
			);
			mainGroup = B446E20F29FB285C00E41C83;
			packageReferences = (
				B42A4EF32A0C12B90066D5D2 /* XCRemoteSwiftPackageReference "amplify-swift" */,
				B4238DC52A0C2F2800BB7BD8 /* XCRemoteSwiftPackageReference "amplify-ui-swift-authenticator" */,
			);
			productRefGroup = B446E21929FB285C00E41C83 /* Products */;
			projectDirPath = "";
			projectRoot = "";
			targets = (
				B446E21729FB285C00E41C83 /* Digital Wallet */,
			);
		};
/* End PBXProject section */

/* Begin PBXResourcesBuildPhase section */
		B446E21629FB285C00E41C83 /* Resources */ = {
			isa = PBXResourcesBuildPhase;
			buildActionMask = 2147483647;
			files = (
				B446E22329FB285F00E41C83 /* Preview Assets.xcassets in Resources */,
				B446E22029FB285F00E41C83 /* Assets.xcassets in Resources */,
				288FA902887B36F13A07E772 /* awsconfiguration.json in Resources */,
				8F84F5DBF5A3FCF0E8E3B634 /* amplifyconfiguration.json in Resources */,
			);
			runOnlyForDeploymentPostprocessing = 0;
		};
/* End PBXResourcesBuildPhase section */

/* Begin PBXSourcesBuildPhase section */
		B446E21429FB285C00E41C83 /* Sources */ = {
			isa = PBXSourcesBuildPhase;
			buildActionMask = 2147483647;
			files = (
				B42A4EDB2A0402CB0066D5D2 /* ControlView.swift in Sources */,
				B42A4EDA2A0402CB0066D5D2 /* ToggleButton.swift in Sources */,
				B42A4EEE2A0408780066D5D2 /* FrameManager.swift in Sources */,
				B42A4EF02A0408780066D5D2 /* CameraManager.swift in Sources */,
				B446E21E29FB285C00E41C83 /* LoginView.swift in Sources */,
				B42A4EFD2A0C17550066D5D2 /* ContentView.swift in Sources */,
				B446E22E2A00548D00E41C83 /* LoginView-ViewModel.swift in Sources */,
				B42A4EDD2A0402CB0066D5D2 /* ErrorView.swift in Sources */,
				B446E22A2A003A1B00E41C83 /* WelcomeView.swift in Sources */,
				B42A4EE22A0403770066D5D2 /* ContentViewModel.swift in Sources */,
				B42A4EF22A04087D0066D5D2 /* CGImageExtension.swift in Sources */,
				B42A4EDE2A0402CB0066D5D2 /* FrameView.swift in Sources */,
				B446E21C29FB285C00E41C83 /* AppMain.swift in Sources */,
				B446E2302A005BC600E41C83 /* LivlinessView.swift in Sources */,
				B42A4EEF2A0408780066D5D2 /* CameraError.swift in Sources */,
				81E0C72788216DD7B1E17399 /* AmplifyModels.swift in Sources */,
				52217B0F302973E437BEB248 /* Priority.swift in Sources */,
				9EF24BB0726B61B783A99BFA /* Todo+Schema.swift in Sources */,
				6FB6D44E9D929E0B82A6E822 /* Todo.swift in Sources */,
			);
			runOnlyForDeploymentPostprocessing = 0;
		};
/* End PBXSourcesBuildPhase section */

/* Begin XCBuildConfiguration section */
		B446E22429FB285F00E41C83 /* Debug */ = {
			isa = XCBuildConfiguration;
			buildSettings = {
				ALWAYS_SEARCH_USER_PATHS = NO;
				CLANG_ANALYZER_NONNULL = YES;
				CLANG_ANALYZER_NUMBER_OBJECT_CONVERSION = YES_AGGRESSIVE;
				CLANG_CXX_LANGUAGE_STANDARD = "gnu++20";
				CLANG_ENABLE_MODULES = YES;
				CLANG_ENABLE_OBJC_ARC = YES;
				CLANG_ENABLE_OBJC_WEAK = YES;
				CLANG_WARN_BLOCK_CAPTURE_AUTORELEASING = YES;
				CLANG_WARN_BOOL_CONVERSION = YES;
				CLANG_WARN_COMMA = YES;
				CLANG_WARN_CONSTANT_CONVERSION = YES;
				CLANG_WARN_DEPRECATED_OBJC_IMPLEMENTATIONS = YES;
				CLANG_WARN_DIRECT_OBJC_ISA_USAGE = YES_ERROR;
				CLANG_WARN_DOCUMENTATION_COMMENTS = YES;
				CLANG_WARN_EMPTY_BODY = YES;
				CLANG_WARN_ENUM_CONVERSION = YES;
				CLANG_WARN_INFINITE_RECURSION = YES;
				CLANG_WARN_INT_CONVERSION = YES;
				CLANG_WARN_NON_LITERAL_NULL_CONVERSION = YES;
				CLANG_WARN_OBJC_IMPLICIT_RETAIN_SELF = YES;
				CLANG_WARN_OBJC_LITERAL_CONVERSION = YES;
				CLANG_WARN_OBJC_ROOT_CLASS = YES_ERROR;
				CLANG_WARN_QUOTED_INCLUDE_IN_FRAMEWORK_HEADER = YES;
				CLANG_WARN_RANGE_LOOP_ANALYSIS = YES;
				CLANG_WARN_STRICT_PROTOTYPES = YES;
				CLANG_WARN_SUSPICIOUS_MOVE = YES;
				CLANG_WARN_UNGUARDED_AVAILABILITY = YES_AGGRESSIVE;
				CLANG_WARN_UNREACHABLE_CODE = YES;
				CLANG_WARN__DUPLICATE_METHOD_MATCH = YES;
				COPY_PHASE_STRIP = NO;
				DEBUG_INFORMATION_FORMAT = dwarf;
				ENABLE_STRICT_OBJC_MSGSEND = YES;
				ENABLE_TESTABILITY = YES;
				GCC_C_LANGUAGE_STANDARD = gnu11;
				GCC_DYNAMIC_NO_PIC = NO;
				GCC_NO_COMMON_BLOCKS = YES;
				GCC_OPTIMIZATION_LEVEL = 0;
				GCC_PREPROCESSOR_DEFINITIONS = (
					"DEBUG=1",
					"$(inherited)",
				);
				GCC_WARN_64_TO_32_BIT_CONVERSION = YES;
				GCC_WARN_ABOUT_RETURN_TYPE = YES_ERROR;
				GCC_WARN_UNDECLARED_SELECTOR = YES;
				GCC_WARN_UNINITIALIZED_AUTOS = YES_AGGRESSIVE;
				GCC_WARN_UNUSED_FUNCTION = YES;
				GCC_WARN_UNUSED_VARIABLE = YES;
				IPHONEOS_DEPLOYMENT_TARGET = 16.4;
				MTL_ENABLE_DEBUG_INFO = INCLUDE_SOURCE;
				MTL_FAST_MATH = YES;
				ONLY_ACTIVE_ARCH = YES;
				SDKROOT = iphoneos;
				SWIFT_ACTIVE_COMPILATION_CONDITIONS = DEBUG;
				SWIFT_OPTIMIZATION_LEVEL = "-Onone";
			};
			name = Debug;
		};
		B446E22529FB285F00E41C83 /* Release */ = {
			isa = XCBuildConfiguration;
			buildSettings = {
				ALWAYS_SEARCH_USER_PATHS = NO;
				CLANG_ANALYZER_NONNULL = YES;
				CLANG_ANALYZER_NUMBER_OBJECT_CONVERSION = YES_AGGRESSIVE;
				CLANG_CXX_LANGUAGE_STANDARD = "gnu++20";
				CLANG_ENABLE_MODULES = YES;
				CLANG_ENABLE_OBJC_ARC = YES;
				CLANG_ENABLE_OBJC_WEAK = YES;
				CLANG_WARN_BLOCK_CAPTURE_AUTORELEASING = YES;
				CLANG_WARN_BOOL_CONVERSION = YES;
				CLANG_WARN_COMMA = YES;
				CLANG_WARN_CONSTANT_CONVERSION = YES;
				CLANG_WARN_DEPRECATED_OBJC_IMPLEMENTATIONS = YES;
				CLANG_WARN_DIRECT_OBJC_ISA_USAGE = YES_ERROR;
				CLANG_WARN_DOCUMENTATION_COMMENTS = YES;
				CLANG_WARN_EMPTY_BODY = YES;
				CLANG_WARN_ENUM_CONVERSION = YES;
				CLANG_WARN_INFINITE_RECURSION = YES;
				CLANG_WARN_INT_CONVERSION = YES;
				CLANG_WARN_NON_LITERAL_NULL_CONVERSION = YES;
				CLANG_WARN_OBJC_IMPLICIT_RETAIN_SELF = YES;
				CLANG_WARN_OBJC_LITERAL_CONVERSION = YES;
				CLANG_WARN_OBJC_ROOT_CLASS = YES_ERROR;
				CLANG_WARN_QUOTED_INCLUDE_IN_FRAMEWORK_HEADER = YES;
				CLANG_WARN_RANGE_LOOP_ANALYSIS = YES;
				CLANG_WARN_STRICT_PROTOTYPES = YES;
				CLANG_WARN_SUSPICIOUS_MOVE = YES;
				CLANG_WARN_UNGUARDED_AVAILABILITY = YES_AGGRESSIVE;
				CLANG_WARN_UNREACHABLE_CODE = YES;
				CLANG_WARN__DUPLICATE_METHOD_MATCH = YES;
				COPY_PHASE_STRIP = NO;
				DEBUG_INFORMATION_FORMAT = "dwarf-with-dsym";
				ENABLE_NS_ASSERTIONS = NO;
				ENABLE_STRICT_OBJC_MSGSEND = YES;
				GCC_C_LANGUAGE_STANDARD = gnu11;
				GCC_NO_COMMON_BLOCKS = YES;
				GCC_WARN_64_TO_32_BIT_CONVERSION = YES;
				GCC_WARN_ABOUT_RETURN_TYPE = YES_ERROR;
				GCC_WARN_UNDECLARED_SELECTOR = YES;
				GCC_WARN_UNINITIALIZED_AUTOS = YES_AGGRESSIVE;
				GCC_WARN_UNUSED_FUNCTION = YES;
				GCC_WARN_UNUSED_VARIABLE = YES;
				IPHONEOS_DEPLOYMENT_TARGET = 16.4;
				MTL_ENABLE_DEBUG_INFO = NO;
				MTL_FAST_MATH = YES;
				SDKROOT = iphoneos;
				SWIFT_COMPILATION_MODE = wholemodule;
				SWIFT_OPTIMIZATION_LEVEL = "-O";
				VALIDATE_PRODUCT = YES;
			};
			name = Release;
		};
		B446E22729FB285F00E41C83 /* Debug */ = {
			isa = XCBuildConfiguration;
			buildSettings = {
				ASSETCATALOG_COMPILER_APPICON_NAME = AppIcon;
				ASSETCATALOG_COMPILER_GLOBAL_ACCENT_COLOR_NAME = AccentColor;
				CODE_SIGN_ENTITLEMENTS = "Digital Wallet/Digital Wallet.entitlements";
				CODE_SIGN_STYLE = Automatic;
				CURRENT_PROJECT_VERSION = 1;
				DEVELOPMENT_ASSET_PATHS = "\"Digital Wallet/Preview Content\"";
				DEVELOPMENT_TEAM = 9J2FSAJA8W;
				ENABLE_PREVIEWS = YES;
				GENERATE_INFOPLIST_FILE = YES;
				INFOPLIST_KEY_NSCameraUsageDescription = "App uses camera to detect objects.";
				INFOPLIST_KEY_UIApplicationSceneManifest_Generation = YES;
				INFOPLIST_KEY_UIApplicationSupportsIndirectInputEvents = YES;
				INFOPLIST_KEY_UILaunchScreen_Generation = YES;
				INFOPLIST_KEY_UISupportedInterfaceOrientations_iPad = "UIInterfaceOrientationPortrait UIInterfaceOrientationPortraitUpsideDown UIInterfaceOrientationLandscapeLeft UIInterfaceOrientationLandscapeRight";
				INFOPLIST_KEY_UISupportedInterfaceOrientations_iPhone = "UIInterfaceOrientationPortrait UIInterfaceOrientationLandscapeLeft UIInterfaceOrientationLandscapeRight";
				IPHONEOS_DEPLOYMENT_TARGET = 16.0;
				LD_RUNPATH_SEARCH_PATHS = (
					"$(inherited)",
					"@executable_path/Frameworks",
				);
				MARKETING_VERSION = 1.0;
				PRODUCT_BUNDLE_IDENTIFIER = "com.ibm.Digital-Wallet";
				PRODUCT_NAME = "$(TARGET_NAME)";
				SWIFT_EMIT_LOC_STRINGS = YES;
				SWIFT_VERSION = 5.0;
				TARGETED_DEVICE_FAMILY = "1,2";
			};
			name = Debug;
		};
		B446E22829FB285F00E41C83 /* Release */ = {
			isa = XCBuildConfiguration;
			buildSettings = {
				ASSETCATALOG_COMPILER_APPICON_NAME = AppIcon;
				ASSETCATALOG_COMPILER_GLOBAL_ACCENT_COLOR_NAME = AccentColor;
				CODE_SIGN_ENTITLEMENTS = "Digital Wallet/Digital Wallet.entitlements";
				CODE_SIGN_STYLE = Automatic;
				CURRENT_PROJECT_VERSION = 1;
				DEVELOPMENT_ASSET_PATHS = "\"Digital Wallet/Preview Content\"";
				DEVELOPMENT_TEAM = 9J2FSAJA8W;
				ENABLE_PREVIEWS = YES;
				GENERATE_INFOPLIST_FILE = YES;
				INFOPLIST_KEY_NSCameraUsageDescription = "App uses camera to detect objects.";
				INFOPLIST_KEY_UIApplicationSceneManifest_Generation = YES;
				INFOPLIST_KEY_UIApplicationSupportsIndirectInputEvents = YES;
				INFOPLIST_KEY_UILaunchScreen_Generation = YES;
				INFOPLIST_KEY_UISupportedInterfaceOrientations_iPad = "UIInterfaceOrientationPortrait UIInterfaceOrientationPortraitUpsideDown UIInterfaceOrientationLandscapeLeft UIInterfaceOrientationLandscapeRight";
				INFOPLIST_KEY_UISupportedInterfaceOrientations_iPhone = "UIInterfaceOrientationPortrait UIInterfaceOrientationLandscapeLeft UIInterfaceOrientationLandscapeRight";
				IPHONEOS_DEPLOYMENT_TARGET = 16.0;
				LD_RUNPATH_SEARCH_PATHS = (
					"$(inherited)",
					"@executable_path/Frameworks",
				);
				MARKETING_VERSION = 1.0;
				PRODUCT_BUNDLE_IDENTIFIER = "com.ibm.Digital-Wallet";
				PRODUCT_NAME = "$(TARGET_NAME)";
				SWIFT_EMIT_LOC_STRINGS = YES;
				SWIFT_VERSION = 5.0;
				TARGETED_DEVICE_FAMILY = "1,2";
			};
			name = Release;
		};
/* End XCBuildConfiguration section */

/* Begin XCConfigurationList section */
		B446E21329FB285C00E41C83 /* Build configuration list for PBXProject "Digital Wallet" */ = {
			isa = XCConfigurationList;
			buildConfigurations = (
				B446E22429FB285F00E41C83 /* Debug */,
				B446E22529FB285F00E41C83 /* Release */,
			);
			defaultConfigurationIsVisible = 0;
			defaultConfigurationName = Release;
		};
		B446E22629FB285F00E41C83 /* Build configuration list for PBXNativeTarget "Digital Wallet" */ = {
			isa = XCConfigurationList;
			buildConfigurations = (
				B446E22729FB285F00E41C83 /* Debug */,
				B446E22829FB285F00E41C83 /* Release */,
			);
			defaultConfigurationIsVisible = 0;
			defaultConfigurationName = Release;
		};
/* End XCConfigurationList section */

/* Begin XCRemoteSwiftPackageReference section */
		B4238DC52A0C2F2800BB7BD8 /* XCRemoteSwiftPackageReference "amplify-ui-swift-authenticator" */ = {
			isa = XCRemoteSwiftPackageReference;
			repositoryURL = "https://github.com/aws-amplify/amplify-ui-swift-authenticator";
			requirement = {
				branch = main;
				kind = branch;
			};
		};
		B42A4EF32A0C12B90066D5D2 /* XCRemoteSwiftPackageReference "amplify-swift" */ = {
			isa = XCRemoteSwiftPackageReference;
			repositoryURL = "https://github.com/aws-amplify/amplify-swift";
			requirement = {
				kind = upToNextMajorVersion;
				minimumVersion = 2.0.0;
			};
		};
/* End XCRemoteSwiftPackageReference section */

/* Begin XCSwiftPackageProductDependency section */
		B4238DC02A0C21C400BB7BD8 /* AWSDataStorePlugin */ = {
			isa = XCSwiftPackageProductDependency;
			package = B42A4EF32A0C12B90066D5D2 /* XCRemoteSwiftPackageReference "amplify-swift" */;
			productName = AWSDataStorePlugin;
		};
		B4238DC22A0C28A200BB7BD8 /* AWSAPIPlugin */ = {
			isa = XCSwiftPackageProductDependency;
			package = B42A4EF32A0C12B90066D5D2 /* XCRemoteSwiftPackageReference "amplify-swift" */;
			productName = AWSAPIPlugin;
		};
		B4238DC62A0C2F2800BB7BD8 /* Authenticator */ = {
			isa = XCSwiftPackageProductDependency;
			package = B4238DC52A0C2F2800BB7BD8 /* XCRemoteSwiftPackageReference "amplify-ui-swift-authenticator" */;
			productName = Authenticator;
		};
		B42A4EF42A0C12BA0066D5D2 /* AWSCognitoAuthPlugin */ = {
			isa = XCSwiftPackageProductDependency;
			package = B42A4EF32A0C12B90066D5D2 /* XCRemoteSwiftPackageReference "amplify-swift" */;
			productName = AWSCognitoAuthPlugin;
		};
		B42A4EF62A0C12BA0066D5D2 /* Amplify */ = {
			isa = XCSwiftPackageProductDependency;
			package = B42A4EF32A0C12B90066D5D2 /* XCRemoteSwiftPackageReference "amplify-swift" */;
			productName = Amplify;
		};
/* End XCSwiftPackageProductDependency section */
	};
	rootObject = B446E21029FB285C00E41C83 /* Project object */;
}
